// !$*UTF8*$!
{
	archiveVersion = 1;
	classes = {
	};
	objectVersion = 50;
	objects = {

/* Begin PBXBuildFile section */
		05CE233B25EEC31700400012 /* AppDelegate.swift in Sources */ = {isa = PBXBuildFile; fileRef = 05CE233A25EEC31700400012 /* AppDelegate.swift */; };
		05CE233D25EEC31700400012 /* SceneDelegate.swift in Sources */ = {isa = PBXBuildFile; fileRef = 05CE233C25EEC31700400012 /* SceneDelegate.swift */; };
		05CE233F25EEC31700400012 /* ViewController.swift in Sources */ = {isa = PBXBuildFile; fileRef = 05CE233E25EEC31700400012 /* ViewController.swift */; };
		05CE234225EEC31700400012 /* Main.storyboard in Resources */ = {isa = PBXBuildFile; fileRef = 05CE234025EEC31700400012 /* Main.storyboard */; };
		05CE234425EEC31D00400012 /* Assets.xcassets in Resources */ = {isa = PBXBuildFile; fileRef = 05CE234325EEC31D00400012 /* Assets.xcassets */; };
		05CE234725EEC31D00400012 /* LaunchScreen.storyboard in Resources */ = {isa = PBXBuildFile; fileRef = 05CE234525EEC31D00400012 /* LaunchScreen.storyboard */; };
		05CE235225EEC31D00400012 /* UalaTests.swift in Sources */ = {isa = PBXBuildFile; fileRef = 05CE235125EEC31D00400012 /* UalaTests.swift */; };
		05CE235D25EEC31D00400012 /* UalaUITests.swift in Sources */ = {isa = PBXBuildFile; fileRef = 05CE235C25EEC31D00400012 /* UalaUITests.swift */; };
/* End PBXBuildFile section */

/* Begin PBXContainerItemProxy section */
		05CE234E25EEC31D00400012 /* PBXContainerItemProxy */ = {
			isa = PBXContainerItemProxy;
			containerPortal = 05CE232F25EEC31700400012 /* Project object */;
			proxyType = 1;
			remoteGlobalIDString = 05CE233625EEC31700400012;
			remoteInfo = Uala;
		};
		05CE235925EEC31D00400012 /* PBXContainerItemProxy */ = {
			isa = PBXContainerItemProxy;
			containerPortal = 05CE232F25EEC31700400012 /* Project object */;
			proxyType = 1;
			remoteGlobalIDString = 05CE233625EEC31700400012;
			remoteInfo = Uala;
		};
/* End PBXContainerItemProxy section */

/* Begin PBXFileReference section */
		05CE233725EEC31700400012 /* Uala.app */ = {isa = PBXFileReference; explicitFileType = wrapper.application; includeInIndex = 0; path = Uala.app; sourceTree = BUILT_PRODUCTS_DIR; };
		05CE233A25EEC31700400012 /* AppDelegate.swift */ = {isa = PBXFileReference; lastKnownFileType = sourcecode.swift; path = AppDelegate.swift; sourceTree = "<group>"; };
		05CE233C25EEC31700400012 /* SceneDelegate.swift */ = {isa = PBXFileReference; lastKnownFileType = sourcecode.swift; path = SceneDelegate.swift; sourceTree = "<group>"; };
		05CE233E25EEC31700400012 /* ViewController.swift */ = {isa = PBXFileReference; lastKnownFileType = sourcecode.swift; path = ViewController.swift; sourceTree = "<group>"; };
		05CE234125EEC31700400012 /* Base */ = {isa = PBXFileReference; lastKnownFileType = file.storyboard; name = Base; path = Base.lproj/Main.storyboard; sourceTree = "<group>"; };
		05CE234325EEC31D00400012 /* Assets.xcassets */ = {isa = PBXFileReference; lastKnownFileType = folder.assetcatalog; path = Assets.xcassets; sourceTree = "<group>"; };
		05CE234625EEC31D00400012 /* Base */ = {isa = PBXFileReference; lastKnownFileType = file.storyboard; name = Base; path = Base.lproj/LaunchScreen.storyboard; sourceTree = "<group>"; };
		05CE234825EEC31D00400012 /* Info.plist */ = {isa = PBXFileReference; lastKnownFileType = text.plist.xml; path = Info.plist; sourceTree = "<group>"; };
		05CE234D25EEC31D00400012 /* UalaTests.xctest */ = {isa = PBXFileReference; explicitFileType = wrapper.cfbundle; includeInIndex = 0; path = UalaTests.xctest; sourceTree = BUILT_PRODUCTS_DIR; };
		05CE235125EEC31D00400012 /* UalaTests.swift */ = {isa = PBXFileReference; lastKnownFileType = sourcecode.swift; path = UalaTests.swift; sourceTree = "<group>"; };
		05CE235325EEC31D00400012 /* Info.plist */ = {isa = PBXFileReference; lastKnownFileType = text.plist.xml; path = Info.plist; sourceTree = "<group>"; };
		05CE235825EEC31D00400012 /* UalaUITests.xctest */ = {isa = PBXFileReference; explicitFileType = wrapper.cfbundle; includeInIndex = 0; path = UalaUITests.xctest; sourceTree = BUILT_PRODUCTS_DIR; };
		05CE235C25EEC31D00400012 /* UalaUITests.swift */ = {isa = PBXFileReference; lastKnownFileType = sourcecode.swift; path = UalaUITests.swift; sourceTree = "<group>"; };
		05CE235E25EEC31D00400012 /* Info.plist */ = {isa = PBXFileReference; lastKnownFileType = text.plist.xml; path = Info.plist; sourceTree = "<group>"; };
/* End PBXFileReference section */

/* Begin PBXFrameworksBuildPhase section */
		05CE233425EEC31700400012 /* Frameworks */ = {
			isa = PBXFrameworksBuildPhase;
			buildActionMask = 2147483647;
			files = (
			);
			runOnlyForDeploymentPostprocessing = 0;
		};
		05CE234A25EEC31D00400012 /* Frameworks */ = {
			isa = PBXFrameworksBuildPhase;
			buildActionMask = 2147483647;
			files = (
			);
			runOnlyForDeploymentPostprocessing = 0;
		};
		05CE235525EEC31D00400012 /* Frameworks */ = {
			isa = PBXFrameworksBuildPhase;
			buildActionMask = 2147483647;
			files = (
			);
			runOnlyForDeploymentPostprocessing = 0;
		};
/* End PBXFrameworksBuildPhase section */

/* Begin PBXGroup section */
		05CE232E25EEC31700400012 = {
			isa = PBXGroup;
			children = (
				05CE233925EEC31700400012 /* Uala */,
				05CE235025EEC31D00400012 /* UalaTests */,
				05CE235B25EEC31D00400012 /* UalaUITests */,
				05CE233825EEC31700400012 /* Products */,
			);
			sourceTree = "<group>";
		};
		05CE233825EEC31700400012 /* Products */ = {
			isa = PBXGroup;
			children = (
				05CE233725EEC31700400012 /* Uala.app */,
				05CE234D25EEC31D00400012 /* UalaTests.xctest */,
				05CE235825EEC31D00400012 /* UalaUITests.xctest */,
			);
			name = Products;
			sourceTree = "<group>";
		};
		05CE233925EEC31700400012 /* Uala */ = {
			isa = PBXGroup;
			children = (
				05CE233A25EEC31700400012 /* AppDelegate.swift */,
				05CE233C25EEC31700400012 /* SceneDelegate.swift */,
				05CE233E25EEC31700400012 /* ViewController.swift */,
				05CE234025EEC31700400012 /* Main.storyboard */,
				05CE234325EEC31D00400012 /* Assets.xcassets */,
				05CE234525EEC31D00400012 /* LaunchScreen.storyboard */,
				05CE234825EEC31D00400012 /* Info.plist */,
			);
			path = Uala;
			sourceTree = "<group>";
		};
		05CE235025EEC31D00400012 /* UalaTests */ = {
			isa = PBXGroup;
			children = (
				05CE235125EEC31D00400012 /* UalaTests.swift */,
				05CE235325EEC31D00400012 /* Info.plist */,
			);
			path = UalaTests;
			sourceTree = "<group>";
		};
		05CE235B25EEC31D00400012 /* UalaUITests */ = {
			isa = PBXGroup;
			children = (
				05CE235C25EEC31D00400012 /* UalaUITests.swift */,
				05CE235E25EEC31D00400012 /* Info.plist */,
			);
			path = UalaUITests;
			sourceTree = "<group>";
		};
/* End PBXGroup section */

/* Begin PBXNativeTarget section */
		05CE233625EEC31700400012 /* Uala */ = {
			isa = PBXNativeTarget;
			buildConfigurationList = 05CE236125EEC31D00400012 /* Build configuration list for PBXNativeTarget "Uala" */;
			buildPhases = (
				05CE233325EEC31700400012 /* Sources */,
				05CE233425EEC31700400012 /* Frameworks */,
				05CE233525EEC31700400012 /* Resources */,
			);
			buildRules = (
			);
			dependencies = (
			);
			name = Uala;
			productName = Uala;
			productReference = 05CE233725EEC31700400012 /* Uala.app */;
			productType = "com.apple.product-type.application";
		};
		05CE234C25EEC31D00400012 /* UalaTests */ = {
			isa = PBXNativeTarget;
			buildConfigurationList = 05CE236425EEC31D00400012 /* Build configuration list for PBXNativeTarget "UalaTests" */;
			buildPhases = (
				05CE234925EEC31D00400012 /* Sources */,
				05CE234A25EEC31D00400012 /* Frameworks */,
				05CE234B25EEC31D00400012 /* Resources */,
			);
			buildRules = (
			);
			dependencies = (
				05CE234F25EEC31D00400012 /* PBXTargetDependency */,
			);
			name = UalaTests;
			productName = UalaTests;
			productReference = 05CE234D25EEC31D00400012 /* UalaTests.xctest */;
			productType = "com.apple.product-type.bundle.unit-test";
		};
		05CE235725EEC31D00400012 /* UalaUITests */ = {
			isa = PBXNativeTarget;
			buildConfigurationList = 05CE236725EEC31D00400012 /* Build configuration list for PBXNativeTarget "UalaUITests" */;
			buildPhases = (
				05CE235425EEC31D00400012 /* Sources */,
				05CE235525EEC31D00400012 /* Frameworks */,
				05CE235625EEC31D00400012 /* Resources */,
			);
			buildRules = (
			);
			dependencies = (
				05CE235A25EEC31D00400012 /* PBXTargetDependency */,
			);
			name = UalaUITests;
			productName = UalaUITests;
			productReference = 05CE235825EEC31D00400012 /* UalaUITests.xctest */;
			productType = "com.apple.product-type.bundle.ui-testing";
		};
/* End PBXNativeTarget section */

/* Begin PBXProject section */
		05CE232F25EEC31700400012 /* Project object */ = {
			isa = PBXProject;
			attributes = {
				LastSwiftUpdateCheck = 1240;
				LastUpgradeCheck = 1240;
				TargetAttributes = {
					05CE233625EEC31700400012 = {
						CreatedOnToolsVersion = 12.4;
					};
					05CE234C25EEC31D00400012 = {
						CreatedOnToolsVersion = 12.4;
						TestTargetID = 05CE233625EEC31700400012;
					};
					05CE235725EEC31D00400012 = {
						CreatedOnToolsVersion = 12.4;
						TestTargetID = 05CE233625EEC31700400012;
					};
				};
			};
			buildConfigurationList = 05CE233225EEC31700400012 /* Build configuration list for PBXProject "Uala" */;
			compatibilityVersion = "Xcode 9.3";
			developmentRegion = en;
			hasScannedForEncodings = 0;
			knownRegions = (
				en,
				Base,
			);
			mainGroup = 05CE232E25EEC31700400012;
			productRefGroup = 05CE233825EEC31700400012 /* Products */;
			projectDirPath = "";
			projectRoot = "";
			targets = (
				05CE233625EEC31700400012 /* Uala */,
				05CE234C25EEC31D00400012 /* UalaTests */,
				05CE235725EEC31D00400012 /* UalaUITests */,
			);
		};
/* End PBXProject section */

/* Begin PBXResourcesBuildPhase section */
		05CE233525EEC31700400012 /* Resources */ = {
			isa = PBXResourcesBuildPhase;
			buildActionMask = 2147483647;
			files = (
				05CE234725EEC31D00400012 /* LaunchScreen.storyboard in Resources */,
				05CE234425EEC31D00400012 /* Assets.xcassets in Resources */,
				05CE234225EEC31700400012 /* Main.storyboard in Resources */,
			);
			runOnlyForDeploymentPostprocessing = 0;
		};
		05CE234B25EEC31D00400012 /* Resources */ = {
			isa = PBXResourcesBuildPhase;
			buildActionMask = 2147483647;
			files = (
			);
			runOnlyForDeploymentPostprocessing = 0;
		};
		05CE235625EEC31D00400012 /* Resources */ = {
			isa = PBXResourcesBuildPhase;
			buildActionMask = 2147483647;
			files = (
			);
			runOnlyForDeploymentPostprocessing = 0;
		};
/* End PBXResourcesBuildPhase section */

/* Begin PBXSourcesBuildPhase section */
		05CE233325EEC31700400012 /* Sources */ = {
			isa = PBXSourcesBuildPhase;
			buildActionMask = 2147483647;
			files = (
				05CE233F25EEC31700400012 /* ViewController.swift in Sources */,
				05CE233B25EEC31700400012 /* AppDelegate.swift in Sources */,
				05CE233D25EEC31700400012 /* SceneDelegate.swift in Sources */,
			);
			runOnlyForDeploymentPostprocessing = 0;
		};
		05CE234925EEC31D00400012 /* Sources */ = {
			isa = PBXSourcesBuildPhase;
			buildActionMask = 2147483647;
			files = (
				05CE235225EEC31D00400012 /* UalaTests.swift in Sources */,
			);
			runOnlyForDeploymentPostprocessing = 0;
		};
		05CE235425EEC31D00400012 /* Sources */ = {
			isa = PBXSourcesBuildPhase;
			buildActionMask = 2147483647;
			files = (
				05CE235D25EEC31D00400012 /* UalaUITests.swift in Sources */,
			);
			runOnlyForDeploymentPostprocessing = 0;
		};
/* End PBXSourcesBuildPhase section */

/* Begin PBXTargetDependency section */
		05CE234F25EEC31D00400012 /* PBXTargetDependency */ = {
			isa = PBXTargetDependency;
			target = 05CE233625EEC31700400012 /* Uala */;
			targetProxy = 05CE234E25EEC31D00400012 /* PBXContainerItemProxy */;
		};
		05CE235A25EEC31D00400012 /* PBXTargetDependency */ = {
			isa = PBXTargetDependency;
			target = 05CE233625EEC31700400012 /* Uala */;
			targetProxy = 05CE235925EEC31D00400012 /* PBXContainerItemProxy */;
		};
/* End PBXTargetDependency section */

/* Begin PBXVariantGroup section */
		05CE234025EEC31700400012 /* Main.storyboard */ = {
			isa = PBXVariantGroup;
			children = (
				05CE234125EEC31700400012 /* Base */,
			);
			name = Main.storyboard;
			sourceTree = "<group>";
		};
		05CE234525EEC31D00400012 /* LaunchScreen.storyboard */ = {
			isa = PBXVariantGroup;
			children = (
				05CE234625EEC31D00400012 /* Base */,
			);
			name = LaunchScreen.storyboard;
			sourceTree = "<group>";
		};
/* End PBXVariantGroup section */

/* Begin XCBuildConfiguration section */
		05CE235F25EEC31D00400012 /* Debug */ = {
			isa = XCBuildConfiguration;
			buildSettings = {
				ALWAYS_SEARCH_USER_PATHS = NO;
				CLANG_ANALYZER_NONNULL = YES;
				CLANG_ANALYZER_NUMBER_OBJECT_CONVERSION = YES_AGGRESSIVE;
				CLANG_CXX_LANGUAGE_STANDARD = "gnu++14";
				CLANG_CXX_LIBRARY = "libc++";
				CLANG_ENABLE_MODULES = YES;
				CLANG_ENABLE_OBJC_ARC = YES;
				CLANG_ENABLE_OBJC_WEAK = YES;
				CLANG_WARN_BLOCK_CAPTURE_AUTORELEASING = YES;
				CLANG_WARN_BOOL_CONVERSION = YES;
				CLANG_WARN_COMMA = YES;
				CLANG_WARN_CONSTANT_CONVERSION = YES;
				CLANG_WARN_DEPRECATED_OBJC_IMPLEMENTATIONS = YES;
				CLANG_WARN_DIRECT_OBJC_ISA_USAGE = YES_ERROR;
				CLANG_WARN_DOCUMENTATION_COMMENTS = YES;
				CLANG_WARN_EMPTY_BODY = YES;
				CLANG_WARN_ENUM_CONVERSION = YES;
				CLANG_WARN_INFINITE_RECURSION = YES;
				CLANG_WARN_INT_CONVERSION = YES;
				CLANG_WARN_NON_LITERAL_NULL_CONVERSION = YES;
				CLANG_WARN_OBJC_IMPLICIT_RETAIN_SELF = YES;
				CLANG_WARN_OBJC_LITERAL_CONVERSION = YES;
				CLANG_WARN_OBJC_ROOT_CLASS = YES_ERROR;
				CLANG_WARN_QUOTED_INCLUDE_IN_FRAMEWORK_HEADER = YES;
				CLANG_WARN_RANGE_LOOP_ANALYSIS = YES;
				CLANG_WARN_STRICT_PROTOTYPES = YES;
				CLANG_WARN_SUSPICIOUS_MOVE = YES;
				CLANG_WARN_UNGUARDED_AVAILABILITY = YES_AGGRESSIVE;
				CLANG_WARN_UNREACHABLE_CODE = YES;
				CLANG_WARN__DUPLICATE_METHOD_MATCH = YES;
				COPY_PHASE_STRIP = NO;
				DEBUG_INFORMATION_FORMAT = dwarf;
				ENABLE_STRICT_OBJC_MSGSEND = YES;
				ENABLE_TESTABILITY = YES;
				GCC_C_LANGUAGE_STANDARD = gnu11;
				GCC_DYNAMIC_NO_PIC = NO;
				GCC_NO_COMMON_BLOCKS = YES;
				GCC_OPTIMIZATION_LEVEL = 0;
				GCC_PREPROCESSOR_DEFINITIONS = (
					"DEBUG=1",
					"$(inherited)",
				);
				GCC_WARN_64_TO_32_BIT_CONVERSION = YES;
				GCC_WARN_ABOUT_RETURN_TYPE = YES_ERROR;
				GCC_WARN_UNDECLARED_SELECTOR = YES;
				GCC_WARN_UNINITIALIZED_AUTOS = YES_AGGRESSIVE;
				GCC_WARN_UNUSED_FUNCTION = YES;
				GCC_WARN_UNUSED_VARIABLE = YES;
				IPHONEOS_DEPLOYMENT_TARGET = 14.4;
				MTL_ENABLE_DEBUG_INFO = INCLUDE_SOURCE;
				MTL_FAST_MATH = YES;
				ONLY_ACTIVE_ARCH = YES;
				SDKROOT = iphoneos;
				SWIFT_ACTIVE_COMPILATION_CONDITIONS = DEBUG;
				SWIFT_OPTIMIZATION_LEVEL = "-Onone";
			};
			name = Debug;
		};
		05CE236025EEC31D00400012 /* Release */ = {
			isa = XCBuildConfiguration;
			buildSettings = {
				ALWAYS_SEARCH_USER_PATHS = NO;
				CLANG_ANALYZER_NONNULL = YES;
				CLANG_ANALYZER_NUMBER_OBJECT_CONVERSION = YES_AGGRESSIVE;
				CLANG_CXX_LANGUAGE_STANDARD = "gnu++14";
				CLANG_CXX_LIBRARY = "libc++";
				CLANG_ENABLE_MODULES = YES;
				CLANG_ENABLE_OBJC_ARC = YES;
				CLANG_ENABLE_OBJC_WEAK = YES;
				CLANG_WARN_BLOCK_CAPTURE_AUTORELEASING = YES;
				CLANG_WARN_BOOL_CONVERSION = YES;
				CLANG_WARN_COMMA = YES;
				CLANG_WARN_CONSTANT_CONVERSION = YES;
				CLANG_WARN_DEPRECATED_OBJC_IMPLEMENTATIONS = YES;
				CLANG_WARN_DIRECT_OBJC_ISA_USAGE = YES_ERROR;
				CLANG_WARN_DOCUMENTATION_COMMENTS = YES;
				CLANG_WARN_EMPTY_BODY = YES;
				CLANG_WARN_ENUM_CONVERSION = YES;
				CLANG_WARN_INFINITE_RECURSION = YES;
				CLANG_WARN_INT_CONVERSION = YES;
				CLANG_WARN_NON_LITERAL_NULL_CONVERSION = YES;
				CLANG_WARN_OBJC_IMPLICIT_RETAIN_SELF = YES;
				CLANG_WARN_OBJC_LITERAL_CONVERSION = YES;
				CLANG_WARN_OBJC_ROOT_CLASS = YES_ERROR;
				CLANG_WARN_QUOTED_INCLUDE_IN_FRAMEWORK_HEADER = YES;
				CLANG_WARN_RANGE_LOOP_ANALYSIS = YES;
				CLANG_WARN_STRICT_PROTOTYPES = YES;
				CLANG_WARN_SUSPICIOUS_MOVE = YES;
				CLANG_WARN_UNGUARDED_AVAILABILITY = YES_AGGRESSIVE;
				CLANG_WARN_UNREACHABLE_CODE = YES;
				CLANG_WARN__DUPLICATE_METHOD_MATCH = YES;
				COPY_PHASE_STRIP = NO;
				DEBUG_INFORMATION_FORMAT = "dwarf-with-dsym";
				ENABLE_NS_ASSERTIONS = NO;
				ENABLE_STRICT_OBJC_MSGSEND = YES;
				GCC_C_LANGUAGE_STANDARD = gnu11;
				GCC_NO_COMMON_BLOCKS = YES;
				GCC_WARN_64_TO_32_BIT_CONVERSION = YES;
				GCC_WARN_ABOUT_RETURN_TYPE = YES_ERROR;
				GCC_WARN_UNDECLARED_SELECTOR = YES;
				GCC_WARN_UNINITIALIZED_AUTOS = YES_AGGRESSIVE;
				GCC_WARN_UNUSED_FUNCTION = YES;
				GCC_WARN_UNUSED_VARIABLE = YES;
				IPHONEOS_DEPLOYMENT_TARGET = 14.4;
				MTL_ENABLE_DEBUG_INFO = NO;
				MTL_FAST_MATH = YES;
				SDKROOT = iphoneos;
				SWIFT_COMPILATION_MODE = wholemodule;
				SWIFT_OPTIMIZATION_LEVEL = "-O";
				VALIDATE_PRODUCT = YES;
			};
			name = Release;
		};
		05CE236225EEC31D00400012 /* Debug */ = {
			isa = XCBuildConfiguration;
			buildSettings = {
				ASSETCATALOG_COMPILER_APPICON_NAME = AppIcon;
				ASSETCATALOG_COMPILER_GLOBAL_ACCENT_COLOR_NAME = AccentColor;
				CODE_SIGN_STYLE = Automatic;
				DEVELOPMENT_TEAM = S9DJ7HWPB5;
				INFOPLIST_FILE = Uala/Info.plist;
				LD_RUNPATH_SEARCH_PATHS = (
					"$(inherited)",
					"@executable_path/Frameworks",
				);
				PRODUCT_BUNDLE_IDENTIFIER = com.mike.Uala;
				PRODUCT_NAME = "$(TARGET_NAME)";
				SWIFT_VERSION = 5.0;
				TARGETED_DEVICE_FAMILY = "1,2";
			};
			name = Debug;
		};
		05CE236325EEC31D00400012 /* Release */ = {
			isa = XCBuildConfiguration;
			buildSettings = {
				ASSETCATALOG_COMPILER_APPICON_NAME = AppIcon;
				ASSETCATALOG_COMPILER_GLOBAL_ACCENT_COLOR_NAME = AccentColor;
				CODE_SIGN_STYLE = Automatic;
				DEVELOPMENT_TEAM = S9DJ7HWPB5;
				INFOPLIST_FILE = Uala/Info.plist;
				LD_RUNPATH_SEARCH_PATHS = (
					"$(inherited)",
					"@executable_path/Frameworks",
				);
				PRODUCT_BUNDLE_IDENTIFIER = com.mike.Uala;
				PRODUCT_NAME = "$(TARGET_NAME)";
				SWIFT_VERSION = 5.0;
				TARGETED_DEVICE_FAMILY = "1,2";
			};
			name = Release;
		};
		05CE236525EEC31D00400012 /* Debug */ = {
			isa = XCBuildConfiguration;
			buildSettings = {
				ALWAYS_EMBED_SWIFT_STANDARD_LIBRARIES = YES;
				BUNDLE_LOADER = "$(TEST_HOST)";
				CODE_SIGN_STYLE = Automatic;
				DEVELOPMENT_TEAM = S9DJ7HWPB5;
				INFOPLIST_FILE = UalaTests/Info.plist;
				IPHONEOS_DEPLOYMENT_TARGET = 14.4;
				LD_RUNPATH_SEARCH_PATHS = (
					"$(inherited)",
					"@executable_path/Frameworks",
					"@loader_path/Frameworks",
				);
				PRODUCT_BUNDLE_IDENTIFIER = com.mike.UalaTests;
				PRODUCT_NAME = "$(TARGET_NAME)";
				SWIFT_VERSION = 5.0;
				TARGETED_DEVICE_FAMILY = "1,2";
				TEST_HOST = "$(BUILT_PRODUCTS_DIR)/Uala.app/Uala";
			};
			name = Debug;
		};
		05CE236625EEC31D00400012 /* Release */ = {
			isa = XCBuildConfiguration;
			buildSettings = {
				ALWAYS_EMBED_SWIFT_STANDARD_LIBRARIES = YES;
				BUNDLE_LOADER = "$(TEST_HOST)";
				CODE_SIGN_STYLE = Automatic;
				DEVELOPMENT_TEAM = S9DJ7HWPB5;
				INFOPLIST_FILE = UalaTests/Info.plist;
				IPHONEOS_DEPLOYMENT_TARGET = 14.4;
				LD_RUNPATH_SEARCH_PATHS = (
					"$(inherited)",
					"@executable_path/Frameworks",
					"@loader_path/Frameworks",
				);
				PRODUCT_BUNDLE_IDENTIFIER = com.mike.UalaTests;
				PRODUCT_NAME = "$(TARGET_NAME)";
				SWIFT_VERSION = 5.0;
				TARGETED_DEVICE_FAMILY = "1,2";
				TEST_HOST = "$(BUILT_PRODUCTS_DIR)/Uala.app/Uala";
			};
			name = Release;
		};
		05CE236825EEC31D00400012 /* Debug */ = {
			isa = XCBuildConfiguration;
			buildSettings = {
				ALWAYS_EMBED_SWIFT_STANDARD_LIBRARIES = YES;
				CODE_SIGN_STYLE = Automatic;
				DEVELOPMENT_TEAM = S9DJ7HWPB5;
				INFOPLIST_FILE = UalaUITests/Info.plist;
				LD_RUNPATH_SEARCH_PATHS = (
					"$(inherited)",
					"@executable_path/Frameworks",
					"@loader_path/Frameworks",
				);
				PRODUCT_BUNDLE_IDENTIFIER = com.mike.UalaUITests;
				PRODUCT_NAME = "$(TARGET_NAME)";
				SWIFT_VERSION = 5.0;
				TARGETED_DEVICE_FAMILY = "1,2";
				TEST_TARGET_NAME = Uala;
			};
			name = Debug;
		};
		05CE236925EEC31D00400012 /* Release */ = {
			isa = XCBuildConfiguration;
			buildSettings = {
				ALWAYS_EMBED_SWIFT_STANDARD_LIBRARIES = YES;
				CODE_SIGN_STYLE = Automatic;
				DEVELOPMENT_TEAM = S9DJ7HWPB5;
				INFOPLIST_FILE = UalaUITests/Info.plist;
				LD_RUNPATH_SEARCH_PATHS = (
					"$(inherited)",
					"@executable_path/Frameworks",
					"@loader_path/Frameworks",
				);
				PRODUCT_BUNDLE_IDENTIFIER = com.mike.UalaUITests;
				PRODUCT_NAME = "$(TARGET_NAME)";
				SWIFT_VERSION = 5.0;
				TARGETED_DEVICE_FAMILY = "1,2";
				TEST_TARGET_NAME = Uala;
			};
			name = Release;
		};
/* End XCBuildConfiguration section */

/* Begin XCConfigurationList section */
		05CE233225EEC31700400012 /* Build configuration list for PBXProject "Uala" */ = {
			isa = XCConfigurationList;
			buildConfigurations = (
				05CE235F25EEC31D00400012 /* Debug */,
				05CE236025EEC31D00400012 /* Release */,
			);
			defaultConfigurationIsVisible = 0;
			defaultConfigurationName = Release;
		};
		05CE236125EEC31D00400012 /* Build configuration list for PBXNativeTarget "Uala" */ = {
			isa = XCConfigurationList;
			buildConfigurations = (
				05CE236225EEC31D00400012 /* Debug */,
				05CE236325EEC31D00400012 /* Release */,
			);
			defaultConfigurationIsVisible = 0;
			defaultConfigurationName = Release;
		};
		05CE236425EEC31D00400012 /* Build configuration list for PBXNativeTarget "UalaTests" */ = {
			isa = XCConfigurationList;
			buildConfigurations = (
				05CE236525EEC31D00400012 /* Debug */,
				05CE236625EEC31D00400012 /* Release */,
			);
			defaultConfigurationIsVisible = 0;
			defaultConfigurationName = Release;
		};
		05CE236725EEC31D00400012 /* Build configuration list for PBXNativeTarget "UalaUITests" */ = {
			isa = XCConfigurationList;
			buildConfigurations = (
				05CE236825EEC31D00400012 /* Debug */,
				05CE236925EEC31D00400012 /* Release */,
			);
			defaultConfigurationIsVisible = 0;
			defaultConfigurationName = Release;
		};
/* End XCConfigurationList section */
	};
	rootObject = 05CE232F25EEC31700400012 /* Project object */;
}
